
Microsoft Visual Studio Solution File, Format Version 12.00
# Visual Studio Version 17
VisualStudioVersion = 17.4.33110.190
MinimumVisualStudioVersion = 10.0.40219.1
Project("{FAE04EC0-301F-11D3-BF4B-00C04F79EFBC}") = "Relatude.MVC", "RelatudeStarterMvc1\Relatude.MVC.csproj", "{751FBE4B-90E3-49D8-9220-20564BDB9638}"
EndProject
Global
	GlobalSection(SolutionConfigurationPlatforms) = preSolution
		Debug|Any CPU = Debug|Any CPU
		Release|Any CPU = Release|Any CPU
	EndGlobalSection
	GlobalSection(ProjectConfigurationPlatforms) = postSolution
		{751FBE4B-90E3-49D8-9220-20564BDB9638}.Debug|Any CPU.ActiveCfg = Debug|Any CPU
		{751FBE4B-90E3-49D8-9220-20564BDB9638}.Debug|Any CPU.Build.0 = Debug|Any CPU
		{751FBE4B-90E3-49D8-9220-20564BDB9638}.Release|Any CPU.ActiveCfg = Release|Any CPU
		{751FBE4B-90E3-49D8-9220-20564BDB9638}.Release|Any CPU.Build.0 = Release|Any CPU
	EndGlobalSection
	GlobalSection(SolutionProperties) = preSolution
		HideSolutionNode = FALSE
	EndGlobalSection
	GlobalSection(ExtensibilityGlobals) = postSolution
		SolutionGuid = {85B75553-4115-4C4F-8AFD-CBF51AF8AFD3}
	EndGlobalSection
EndGlobal
